<?xml version="1.0" encoding="utf-8"?>
<Project ToolsVersion="4.0" xmlns="http://schemas.microsoft.com/developer/msbuild/2003">
  <ItemGroup>
    <Filter Include="Source Files">
      <UniqueIdentifier>{4FC737F1-C7A5-4376-A066-2A32D752A2FF}</UniqueIdentifier>
      <Extensions>cpp;c;cc;cxx;def;odl;idl;hpj;bat;asm;asmx</Extensions>
    </Filter>
    <Filter Include="Header Files">
      <UniqueIdentifier>{93995380-89BD-4b04-88EB-625FBE52EBFB}</UniqueIdentifier>
      <Extensions>h;hh;hpp;hxx;hm;inl;inc;ipp;xsd</Extensions>
    </Filter>
    <Filter Include="Resource Files">
      <UniqueIdentifier>{67DA6AB6-F800-4c08-8B7A-83BB121AAD01}</UniqueIdentifier>
      <Extensions>rc;ico;cur;bmp;dlg;rc2;rct;bin;rgs;gif;jpg;jpeg;jpe;resx;tiff;tif;png;wav;mfcribbon-ms</Extensions>
    </Filter>
  </ItemGroup>
  <ItemGroup>
    <ClCompile Include="..\..\e_dijkstra-files\driver.cpp">
      <Filter>Source Files</Filter>
    </ClCompile>
    <ClCompile Include="..\..\e_dijkstra-files\e-dijkstra.cpp">
      <Filter>Source Files</Filter>
    </ClCompile>
  </ItemGroup>
  <ItemGroup>
    <ClInclude Include="..\..\e_dijkstra-files\e-dijkstra.h">
      <Filter>Source Files</Filter>
    </ClInclude>
  </ItemGroup>
  <ItemGroup>
    <Text Include="..\..\e_dijkstra-files\handout.txt">
      <Filter>Source Files</Filter>
    </Text>
  </ItemGroup>
  <ItemGroup>
    <None Include="..\..\e_dijkstra-files\in0">
      <Filter>Source Files</Filter>
    </None>
    <None Include="..\..\e_dijkstra-files\in1">
      <Filter>Source Files</Filter>
    </None>
    <None Include="..\..\e_dijkstra-files\in1.dot.pdf">
      <Filter>Source Files</Filter>
    </None>
    <None Include="..\..\e_dijkstra-files\in2">
      <Filter>Source Files</Filter>
    </None>
    <None Include="..\..\e_dijkstra-files\in3">
      <Filter>Source Files</Filter>
    </None>
    <None Include="..\..\e_dijkstra-files\in4">
      <Filter>Source Files</Filter>
    </None>
    <None Include="..\..\e_dijkstra-files\in5">
      <Filter>Source Files</Filter>
    </None>
    <None Include="..\..\e_dijkstra-files\Makefile">
      <Filter>Source Files</Filter>
    </None>
    <None Include="..\..\e_dijkstra-files\Makefile2">
      <Filter>Source Files</Filter>
    </None>
    <None Include="..\..\e_dijkstra-files\out0">
      <Filter>Source Files</Filter>
    </None>
    <None Include="..\..\e_dijkstra-files\out1">
      <Filter>Source Files</Filter>
    </None>
    <None Include="..\..\e_dijkstra-files\out2">
      <Filter>Source Files</Filter>
    </None>
    <None Include="..\..\e_dijkstra-files\out3">
      <Filter>Source Files</Filter>
    </None>
    <None Include="..\..\e_dijkstra-files\out4">
      <Filter>Source Files</Filter>
    </None>
    <None Include="..\..\e_dijkstra-files\out5">
      <Filter>Source Files</Filter>
    </None>
    <None Include="..\..\e_dijkstra-files\out6">
      <Filter>Source Files</Filter>
    </None>
    <None Include="..\..\e_dijkstra-files\out7">
      <Filter>Source Files</Filter>
    </None>
    <None Include="..\..\e_dijkstra-files\out8">
      <Filter>Source Files</Filter>
    </None>
    <None Include="..\..\e_dijkstra-files\out9">
      <Filter>Source Files</Filter>
    </None>
    <None Include="..\..\e_dijkstra-files\out10">
      <Filter>Source Files</Filter>
    </None>
    <None Include="..\..\e_dijkstra-files\out11">
      <Filter>Source Files</Filter>
    </None>
    <None Include="..\..\e_dijkstra-files\out12">
      <Filter>Source Files</Filter>
    </None>
    <None Include="..\..\e_dijkstra-files\out13">
      <Filter>Source Files</Filter>
    </None>
    <None Include="..\..\e_dijkstra-files\out14">
      <Filter>Source Files</Filter>
    </None>
    <None Include="..\..\e_dijkstra-files\out15">
      <Filter>Source Files</Filter>
    </None>
    <None Include="..\..\e_dijkstra-files\out16">
      <Filter>Source Files</Filter>
    </None>
    <None Include="..\..\e_dijkstra-files\out17">
      <Filter>Source Files</Filter>
    </None>
    <None Include="..\..\e_dijkstra-files\out18">
      <Filter>Source Files</Filter>
    </None>
    <None Include="..\..\e_dijkstra-files\out19">
      <Filter>Source Files</Filter>
    </None>
    <None Include="..\..\e_dijkstra-files\out20">
      <Filter>Source Files</Filter>
    </None>
    <None Include="..\..\e_dijkstra-files\out21">
      <Filter>Source Files</Filter>
    </None>
    <None Include="..\..\e_dijkstra-files\out22">
      <Filter>Source Files</Filter>
    </None>
    <None Include="..\..\e_dijkstra-files\out23">
      <Filter>Source Files</Filter>
    </None>
    <None Include="..\..\e_dijkstra-files\out24">
      <Filter>Source Files</Filter>
    </None>
    <None Include="..\..\e_dijkstra-files\out25">
      <Filter>Source Files</Filter>
    </None>
    <None Include="..\..\e_dijkstra-files\out26">
      <Filter>Source Files</Filter>
    </None>
    <None Include="..\..\e_dijkstra-files\out27">
      <Filter>Source Files</Filter>
    </None>
    <None Include="..\..\e_dijkstra-files\out28">
      <Filter>Source Files</Filter>
    </None>
    <None Include="..\..\e_dijkstra-files\out29">
      <Filter>Source Files</Filter>
    </None>
  </ItemGroup>
</Project>