<?xml version="1.0" encoding="utf-8"?>
<Project ToolsVersion="4.0" xmlns="http://schemas.microsoft.com/developer/msbuild/2003">
  <ItemGroup>
    <Filter Include="Header Files">
      <UniqueIdentifier>{93995380-89BD-4b04-88EB-625FBE52EBFB}</UniqueIdentifier>
      <Extensions>h;hh;hpp;hxx;hm;inl;inc;ipp;xsd</Extensions>
    </Filter>
    <Filter Include="Resource Files">
      <UniqueIdentifier>{67DA6AB6-F800-4c08-8B7A-83BB121AAD01}</UniqueIdentifier>
      <Extensions>rc;ico;cur;bmp;dlg;rc2;rct;bin;rgs;gif;jpg;jpeg;jpe;resx;tiff;tif;png;wav;mfcribbon-ms</Extensions>
    </Filter>
    <Filter Include="Source">
      <UniqueIdentifier>{72815a57-7a58-49b9-a213-8379b825696d}</UniqueIdentifier>
    </Filter>
    <Filter Include="Source\NewFilter1">
      <UniqueIdentifier>{53cd2dc9-1ad6-4337-83c1-4f56a321d324}</UniqueIdentifier>
    </Filter>
  </ItemGroup>
  <ItemGroup>
    <ClCompile Include="..\..\overlap-files\driver.cpp">
      <Filter>Source</Filter>
    </ClCompile>
    <ClCompile Include="..\..\overlap-files\overlap.cpp">
      <Filter>Source</Filter>
    </ClCompile>
  </ItemGroup>
  <ItemGroup>
    <Text Include="..\..\overlap-files\handout.txt">
      <Filter>Source</Filter>
    </Text>
  </ItemGroup>
  <ItemGroup>
    <None Include="..\..\overlap-files\in_scan">
      <Filter>Source</Filter>
    </None>
    <None Include="..\..\overlap-files\in_scan_10">
      <Filter>Source</Filter>
    </None>
    <None Include="..\..\overlap-files\in0">
      <Filter>Source</Filter>
    </None>
    <None Include="..\..\overlap-files\in0.ps">
      <Filter>Source</Filter>
    </None>
    <None Include="..\..\overlap-files\in1">
      <Filter>Source</Filter>
    </None>
    <None Include="..\..\overlap-files\in1.ps">
      <Filter>Source</Filter>
    </None>
    <None Include="..\..\overlap-files\in2">
      <Filter>Source</Filter>
    </None>
    <None Include="..\..\overlap-files\in2.ps">
      <Filter>Source</Filter>
    </None>
    <None Include="..\..\overlap-files\in3">
      <Filter>Source</Filter>
    </None>
    <None Include="..\..\overlap-files\in4">
      <Filter>Source</Filter>
    </None>
    <None Include="..\..\overlap-files\in5">
      <Filter>Source</Filter>
    </None>
    <None Include="..\..\overlap-files\in6">
      <Filter>Source</Filter>
    </None>
    <None Include="..\..\overlap-files\in7">
      <Filter>Source</Filter>
    </None>
    <None Include="..\..\overlap-files\in8">
      <Filter>Source</Filter>
    </None>
    <None Include="..\..\overlap-files\Makefile">
      <Filter>Source</Filter>
    </None>
    <None Include="..\..\overlap-files\Makefile2">
      <Filter>Source</Filter>
    </None>
    <None Include="..\..\overlap-files\out0">
      <Filter>Source</Filter>
    </None>
    <None Include="..\..\overlap-files\out1">
      <Filter>Source</Filter>
    </None>
    <None Include="..\..\overlap-files\out2">
      <Filter>Source</Filter>
    </None>
    <None Include="..\..\overlap-files\out3">
      <Filter>Source</Filter>
    </None>
    <None Include="..\..\overlap-files\out4">
      <Filter>Source</Filter>
    </None>
    <None Include="..\..\overlap-files\out5">
      <Filter>Source</Filter>
    </None>
    <None Include="..\..\overlap-files\out6">
      <Filter>Source</Filter>
    </None>
    <None Include="..\..\overlap-files\out7">
      <Filter>Source</Filter>
    </None>
    <None Include="..\..\overlap-files\out8">
      <Filter>Source</Filter>
    </None>
    <None Include="..\..\overlap-files\out10">
      <Filter>Source</Filter>
    </None>
  </ItemGroup>
  <ItemGroup>
    <ClInclude Include="..\..\overlap-files\overlap.h">
      <Filter>Source</Filter>
    </ClInclude>
  </ItemGroup>
</Project>