
Microsoft Visual Studio Solution File, Format Version 12.00
# Visual Studio Version 16
VisualStudioVersion = 16.0.29613.14
MinimumVisualStudioVersion = 10.0.40219.1
Project("{888888A0-9F3D-457C-B088-3A5042F75D52}") = "niaveBayes", "niaveBayes.pyproj", "{527148D9-C6AB-4BB2-9E67-655049A29294}"
EndProject
Global
	GlobalSection(SolutionConfigurationPlatforms) = preSolution
		Debug|Any CPU = Debug|Any CPU
		Release|Any CPU = Release|Any CPU
	EndGlobalSection
	GlobalSection(ProjectConfigurationPlatforms) = postSolution
		{527148D9-C6AB-4BB2-9E67-655049A29294}.Debug|Any CPU.ActiveCfg = Debug|Any CPU
		{527148D9-C6AB-4BB2-9E67-655049A29294}.Release|Any CPU.ActiveCfg = Release|Any CPU
	EndGlobalSection
	GlobalSection(SolutionProperties) = preSolution
		HideSolutionNode = FALSE
	EndGlobalSection
	GlobalSection(ExtensibilityGlobals) = postSolution
		SolutionGuid = {BFD0EF08-7269-400D-B2AD-DDFA5F351B20}
	EndGlobalSection
EndGlobal
