<?xml version="1.0" encoding="utf-8"?>
<Project ToolsVersion="4.0" xmlns="http://schemas.microsoft.com/developer/msbuild/2003">
  <ItemGroup>
    <Filter Include="Source Files">
      <UniqueIdentifier>{4FC737F1-C7A5-4376-A066-2A32D752A2FF}</UniqueIdentifier>
      <Extensions>cpp;c;cc;cxx;def;odl;idl;hpj;bat;asm;asmx</Extensions>
    </Filter>
    <Filter Include="Header Files">
      <UniqueIdentifier>{93995380-89BD-4b04-88EB-625FBE52EBFB}</UniqueIdentifier>
      <Extensions>h;hh;hpp;hxx;hm;inl;inc;ipp;xsd</Extensions>
    </Filter>
    <Filter Include="Resource Files">
      <UniqueIdentifier>{67DA6AB6-F800-4c08-8B7A-83BB121AAD01}</UniqueIdentifier>
      <Extensions>rc;ico;cur;bmp;dlg;rc2;rct;bin;rgs;gif;jpg;jpeg;jpe;resx;tiff;tif;png;wav;mfcribbon-ms</Extensions>
    </Filter>
    <Filter Include="Source Files\shaders">
      <UniqueIdentifier>{a6e50aa2-ef30-4fed-90ea-1cb3a5309f45}</UniqueIdentifier>
    </Filter>
    <Filter Include="Source Files\imGUI">
      <UniqueIdentifier>{e08ef7b1-ba35-404f-b4fd-b9ac0e7c76d7}</UniqueIdentifier>
    </Filter>
  </ItemGroup>
  <ItemGroup>
    <None Include="Source\fragmentShader.frag">
      <Filter>Source Files\shaders</Filter>
    </None>
    <None Include="Source\vertexShader.vert">
      <Filter>Source Files\shaders</Filter>
    </None>
    <None Include="Source\normalShader.frag">
      <Filter>Source Files\shaders</Filter>
    </None>
    <None Include="Source\passthroughShader.vert">
      <Filter>Source Files\shaders</Filter>
    </None>
    <None Include="Source\PhongLighting.frag">
      <Filter>Source Files\shaders</Filter>
    </None>
    <None Include="Source\PhongLighting.vert">
      <Filter>Source Files\shaders</Filter>
    </None>
    <None Include="Source\PhongDiffuse.vert">
      <Filter>Source Files\shaders</Filter>
    </None>
  </ItemGroup>
  <ItemGroup>
    <ClCompile Include="Source\main.cpp">
      <Filter>Source Files</Filter>
    </ClCompile>
    <ClCompile Include="Source\imGui\imgui.cpp">
      <Filter>Source Files\imGUI</Filter>
    </ClCompile>
    <ClCompile Include="Source\imGui\imgui_draw.cpp">
      <Filter>Source Files\imGUI</Filter>
    </ClCompile>
    <ClCompile Include="Source\imGui\imgui_widgets.cpp">
      <Filter>Source Files\imGUI</Filter>
    </ClCompile>
    <ClCompile Include="Source\imGui\imgui_impl_glfw.cpp">
      <Filter>Source Files\imGUI</Filter>
    </ClCompile>
    <ClCompile Include="Source\imGui\imgui_impl_opengl3.cpp">
      <Filter>Source Files\imGUI</Filter>
    </ClCompile>
    <ClCompile Include="Source\Object.cpp">
      <Filter>Source Files</Filter>
    </ClCompile>
  </ItemGroup>
  <ItemGroup>
    <ClInclude Include="Source\imGui\imconfig.h">
      <Filter>Source Files\imGUI</Filter>
    </ClInclude>
    <ClInclude Include="Source\imGui\imgui.h">
      <Filter>Source Files\imGUI</Filter>
    </ClInclude>
    <ClInclude Include="Source\imGui\imgui_internal.h">
      <Filter>Source Files\imGUI</Filter>
    </ClInclude>
    <ClInclude Include="Source\imGui\imstb_rectpack.h">
      <Filter>Source Files\imGUI</Filter>
    </ClInclude>
    <ClInclude Include="Source\imGui\imstb_textedit.h">
      <Filter>Source Files\imGUI</Filter>
    </ClInclude>
    <ClInclude Include="Source\imGui\imstb_truetype.h">
      <Filter>Source Files\imGUI</Filter>
    </ClInclude>
    <ClInclude Include="Source\imGui\imgui_impl_glfw.h">
      <Filter>Source Files\imGUI</Filter>
    </ClInclude>
    <ClInclude Include="Source\imGui\imgui_impl_opengl3.h">
      <Filter>Source Files\imGUI</Filter>
    </ClInclude>
    <ClInclude Include="Source\Object.h">
      <Filter>Header Files</Filter>
    </ClInclude>
  </ItemGroup>
</Project>